<Solution>
  <Project Path="Nestor.Db.Sqlite/Nestor.Db.Sqlite.csproj" />
  <Project Path="Nestor.Db.SqliteWasm/Nestor.Db.SqliteWasm.csproj" />
  <Project Path="Nestor.Db/Nestor.Db.csproj" />
  <Project Path="Nestor.ServerExample/Nestor.ServerExample.csproj" />
  <Project Path="Nestor.SharedExample/Nestor.SharedExample.csproj" />
  <Project Path="Nestor.SourceGenerator/Nestor.SourceGenerator.csproj" />
  <Project Path="Nestor/Nestor.csproj" />
</Solution>
