
Microsoft Visual Studio Solution File, Format Version 12.00
Project("{FAE04EC0-301F-11D3-BF4B-00C04F79EFBC}") = "Nestor", "Nestor\Nestor.csproj", "{81AF8724-D9CB-4B31-A530-077770C48B40}"
EndProject
Project("{FAE04EC0-301F-11D3-BF4B-00C04F79EFBC}") = "Nestor.SourceGenerator", "Nestor.SourceGenerator\Nestor.SourceGenerator.csproj", "{11E6F2F6-3111-48A2-BD03-5CDAD0170D49}"
EndProject
Project("{FAE04EC0-301F-11D3-BF4B-00C04F79EFBC}") = "Nestor.Db", "Nestor.Db\Nestor.Db.csproj", "{CDAFD250-DF43-4FB8-A7D9-BA3766E1F42D}"
EndProject
Project("{FAE04EC0-301F-11D3-BF4B-00C04F79EFBC}") = "Nestor.ServerExample", "Nestor.ServerExample\Nestor.ServerExample.csproj", "{CF39277E-6B83-45E6-B904-B330696E882C}"
EndProject
Project("{FAE04EC0-301F-11D3-BF4B-00C04F79EFBC}") = "Nestor.SharedExample", "Nestor.SharedExample\Nestor.SharedExample.csproj", "{A0349BC1-1A67-4C3D-85A7-3A3413348A5E}"
EndProject
Project("{FAE04EC0-301F-11D3-BF4B-00C04F79EFBC}") = "Nestor.Db.Sqlite", "Nestor.Db.Sqlite\Nestor.Db.Sqlite.csproj", "{A54CD31B-5B2C-4178-9F7D-5AB514FABBCA}"
EndProject
Global
	GlobalSection(SolutionConfigurationPlatforms) = preSolution
		Debug|Any CPU = Debug|Any CPU
		Release|Any CPU = Release|Any CPU
	EndGlobalSection
	GlobalSection(ProjectConfigurationPlatforms) = postSolution
		{81AF8724-D9CB-4B31-A530-077770C48B40}.Debug|Any CPU.ActiveCfg = Debug|Any CPU
		{81AF8724-D9CB-4B31-A530-077770C48B40}.Debug|Any CPU.Build.0 = Debug|Any CPU
		{81AF8724-D9CB-4B31-A530-077770C48B40}.Release|Any CPU.ActiveCfg = Release|Any CPU
		{81AF8724-D9CB-4B31-A530-077770C48B40}.Release|Any CPU.Build.0 = Release|Any CPU
		{11E6F2F6-3111-48A2-BD03-5CDAD0170D49}.Debug|Any CPU.ActiveCfg = Debug|Any CPU
		{11E6F2F6-3111-48A2-BD03-5CDAD0170D49}.Debug|Any CPU.Build.0 = Debug|Any CPU
		{11E6F2F6-3111-48A2-BD03-5CDAD0170D49}.Release|Any CPU.ActiveCfg = Release|Any CPU
		{11E6F2F6-3111-48A2-BD03-5CDAD0170D49}.Release|Any CPU.Build.0 = Release|Any CPU
		{CDAFD250-DF43-4FB8-A7D9-BA3766E1F42D}.Debug|Any CPU.ActiveCfg = Debug|Any CPU
		{CDAFD250-DF43-4FB8-A7D9-BA3766E1F42D}.Debug|Any CPU.Build.0 = Debug|Any CPU
		{CDAFD250-DF43-4FB8-A7D9-BA3766E1F42D}.Release|Any CPU.ActiveCfg = Release|Any CPU
		{CDAFD250-DF43-4FB8-A7D9-BA3766E1F42D}.Release|Any CPU.Build.0 = Release|Any CPU
		{CF39277E-6B83-45E6-B904-B330696E882C}.Debug|Any CPU.ActiveCfg = Debug|Any CPU
		{CF39277E-6B83-45E6-B904-B330696E882C}.Debug|Any CPU.Build.0 = Debug|Any CPU
		{CF39277E-6B83-45E6-B904-B330696E882C}.Release|Any CPU.ActiveCfg = Release|Any CPU
		{CF39277E-6B83-45E6-B904-B330696E882C}.Release|Any CPU.Build.0 = Release|Any CPU
		{A0349BC1-1A67-4C3D-85A7-3A3413348A5E}.Debug|Any CPU.ActiveCfg = Debug|Any CPU
		{A0349BC1-1A67-4C3D-85A7-3A3413348A5E}.Debug|Any CPU.Build.0 = Debug|Any CPU
		{A0349BC1-1A67-4C3D-85A7-3A3413348A5E}.Release|Any CPU.ActiveCfg = Release|Any CPU
		{A0349BC1-1A67-4C3D-85A7-3A3413348A5E}.Release|Any CPU.Build.0 = Release|Any CPU
		{A54CD31B-5B2C-4178-9F7D-5AB514FABBCA}.Debug|Any CPU.ActiveCfg = Debug|Any CPU
		{A54CD31B-5B2C-4178-9F7D-5AB514FABBCA}.Debug|Any CPU.Build.0 = Debug|Any CPU
		{A54CD31B-5B2C-4178-9F7D-5AB514FABBCA}.Release|Any CPU.ActiveCfg = Release|Any CPU
		{A54CD31B-5B2C-4178-9F7D-5AB514FABBCA}.Release|Any CPU.Build.0 = Release|Any CPU
	EndGlobalSection
EndGlobal
